
Microsoft Visual Studio Solution File, Format Version 12.00
# Visual Studio 2013
VisualStudioVersion = 12.0.21005.1
MinimumVisualStudioVersion = 10.0.40219.1
Project("{FAE04EC0-301F-11D3-BF4B-00C04F79EFBC}") = "Exemplo1", "Exemplo1\Exemplo1.csproj", "{4152DE81-1C77-4D92-8251-E94F5BA2FB99}"
EndProject
Project("{FAE04EC0-301F-11D3-BF4B-00C04F79EFBC}") = "Testes", "Testes\Testes.csproj", "{603E07CE-DF98-4A0C-9FA8-98B50BD3EAE3}"
EndProject
Global
	GlobalSection(SolutionConfigurationPlatforms) = preSolution
		Debug|Any CPU = Debug|Any CPU
		Release|Any CPU = Release|Any CPU
	EndGlobalSection
	GlobalSection(ProjectConfigurationPlatforms) = postSolution
		{4152DE81-1C77-4D92-8251-E94F5BA2FB99}.Debug|Any CPU.ActiveCfg = Debug|Any CPU
		{4152DE81-1C77-4D92-8251-E94F5BA2FB99}.Debug|Any CPU.Build.0 = Debug|Any CPU
		{4152DE81-1C77-4D92-8251-E94F5BA2FB99}.Release|Any CPU.ActiveCfg = Release|Any CPU
		{4152DE81-1C77-4D92-8251-E94F5BA2FB99}.Release|Any CPU.Build.0 = Release|Any CPU
		{603E07CE-DF98-4A0C-9FA8-98B50BD3EAE3}.Debug|Any CPU.ActiveCfg = Debug|Any CPU
		{603E07CE-DF98-4A0C-9FA8-98B50BD3EAE3}.Debug|Any CPU.Build.0 = Debug|Any CPU
		{603E07CE-DF98-4A0C-9FA8-98B50BD3EAE3}.Release|Any CPU.ActiveCfg = Release|Any CPU
		{603E07CE-DF98-4A0C-9FA8-98B50BD3EAE3}.Release|Any CPU.Build.0 = Release|Any CPU
	EndGlobalSection
	GlobalSection(SolutionProperties) = preSolution
		HideSolutionNode = FALSE
	EndGlobalSection
EndGlobal
